
Microsoft Visual Studio Solution File, Format Version 12.00
# Visual Studio Version 16
VisualStudioVersion = 16.0.29509.3
MinimumVisualStudioVersion = 10.0.40219.1
Project("{9A19103F-16F7-4668-BE54-9A1E7A4F7556}") = "AppDomainAlternative", "AppDomainAlternative\AppDomainAlternative.csproj", "{D36E0CAF-B64E-4FA7-B436-685571466D1A}"
EndProject
Project("{9A19103F-16F7-4668-BE54-9A1E7A4F7556}") = "AppDomainAlternative.Tests", "AppDomainAlternative.Tests\AppDomainAlternative.Tests.csproj", "{A5C31E9A-F6A4-409E-8877-DCE73F6B1CBE}"
EndProject
Project("{2150E333-8FDC-42A3-9474-1A3956D46DE8}") = "Examples", "Examples", "{9412893C-A6DA-4C52-851C-DB2B0D5CCE6B}"
EndProject
Project("{9A19103F-16F7-4668-BE54-9A1E7A4F7556}") = "HostApp", "HostApp\HostApp.csproj", "{B8A0CA83-1998-4616-99EF-C8B1C9C57A90}"
	ProjectSection(ProjectDependencies) = postProject
		{E9DE4A6F-6FDE-4A03-9DB8-A684FEF5A88C} = {E9DE4A6F-6FDE-4A03-9DB8-A684FEF5A88C}
	EndProjectSection
EndProject
Project("{9A19103F-16F7-4668-BE54-9A1E7A4F7556}") = "ClientApp", "ClientApp\ClientApp.csproj", "{E9DE4A6F-6FDE-4A03-9DB8-A684FEF5A88C}"
EndProject
Project("{9A19103F-16F7-4668-BE54-9A1E7A4F7556}") = "Common", "Common\Common.csproj", "{92D74724-9524-46CB-94CF-CDEA3371A62E}"
EndProject
Global
	GlobalSection(SolutionConfigurationPlatforms) = preSolution
		Debug|Any CPU = Debug|Any CPU
	EndGlobalSection
	GlobalSection(ProjectConfigurationPlatforms) = postSolution
		{D36E0CAF-B64E-4FA7-B436-685571466D1A}.Debug|Any CPU.ActiveCfg = Debug|Any CPU
		{D36E0CAF-B64E-4FA7-B436-685571466D1A}.Debug|Any CPU.Build.0 = Debug|Any CPU
		{A5C31E9A-F6A4-409E-8877-DCE73F6B1CBE}.Debug|Any CPU.ActiveCfg = Debug|Any CPU
		{A5C31E9A-F6A4-409E-8877-DCE73F6B1CBE}.Debug|Any CPU.Build.0 = Debug|Any CPU
		{B8A0CA83-1998-4616-99EF-C8B1C9C57A90}.Debug|Any CPU.ActiveCfg = Debug|Any CPU
		{B8A0CA83-1998-4616-99EF-C8B1C9C57A90}.Debug|Any CPU.Build.0 = Debug|Any CPU
		{E9DE4A6F-6FDE-4A03-9DB8-A684FEF5A88C}.Debug|Any CPU.ActiveCfg = Debug|Any CPU
		{E9DE4A6F-6FDE-4A03-9DB8-A684FEF5A88C}.Debug|Any CPU.Build.0 = Debug|Any CPU
		{92D74724-9524-46CB-94CF-CDEA3371A62E}.Debug|Any CPU.ActiveCfg = Debug|Any CPU
		{92D74724-9524-46CB-94CF-CDEA3371A62E}.Debug|Any CPU.Build.0 = Debug|Any CPU
	EndGlobalSection
	GlobalSection(SolutionProperties) = preSolution
		HideSolutionNode = FALSE
	EndGlobalSection
	GlobalSection(NestedProjects) = preSolution
		{B8A0CA83-1998-4616-99EF-C8B1C9C57A90} = {9412893C-A6DA-4C52-851C-DB2B0D5CCE6B}
		{E9DE4A6F-6FDE-4A03-9DB8-A684FEF5A88C} = {9412893C-A6DA-4C52-851C-DB2B0D5CCE6B}
		{92D74724-9524-46CB-94CF-CDEA3371A62E} = {9412893C-A6DA-4C52-851C-DB2B0D5CCE6B}
	EndGlobalSection
	GlobalSection(ExtensibilityGlobals) = postSolution
		SolutionGuid = {EB1975AE-2208-466B-A0DB-2045BA764E63}
	EndGlobalSection
	GlobalSection(Performance) = preSolution
		HasPerformanceSessions = true
	EndGlobalSection
	GlobalSection(Performance) = preSolution
		HasPerformanceSessions = true
	EndGlobalSection
EndGlobal
